
Microsoft Visual Studio Solution File, Format Version 12.00
Project("{FAE04EC0-301F-11D3-BF4B-00C04F79EFBC}") = "TextureMapCombiner", "TextureMapCombiner\TextureMapCombiner.csproj", "{D0CD268C-2B60-44C1-B96D-FA0303E23270}"
EndProject
Global
	GlobalSection(SolutionConfigurationPlatforms) = preSolution
		Debug|Any CPU = Debug|Any CPU
		Release|Any CPU = Release|Any CPU
	EndGlobalSection
	GlobalSection(ProjectConfigurationPlatforms) = postSolution
		{D0CD268C-2B60-44C1-B96D-FA0303E23270}.Debug|Any CPU.ActiveCfg = Debug|Any CPU
		{D0CD268C-2B60-44C1-B96D-FA0303E23270}.Debug|Any CPU.Build.0 = Debug|Any CPU
		{D0CD268C-2B60-44C1-B96D-FA0303E23270}.Release|Any CPU.ActiveCfg = Release|Any CPU
		{D0CD268C-2B60-44C1-B96D-FA0303E23270}.Release|Any CPU.Build.0 = Release|Any CPU
	EndGlobalSection
EndGlobal
